
Microsoft Visual Studio Solution File, Format Version 12.00
# Visual Studio 15
VisualStudioVersion = 15.0.28307.421
MinimumVisualStudioVersion = 10.0.40219.1
Project("{9A19103F-16F7-4668-BE54-9A1E7A4F7556}") = "Intech.PrevSystemWeb.Cageprev.Api", "Intech.PrevSystemWeb.Cageprev.Api\Intech.PrevSystemWeb.Cageprev.Api.csproj", "{1A50BDAD-090A-40B3-943E-229E673D6963}"
EndProject
Project("{2150E333-8FDC-42A3-9474-1A3956D46DE8}") = "PrevSystemWeb", "PrevSystemWeb", "{63818DC8-CD9D-4F1C-AB9A-62C7DB4F9BC9}"
EndProject
Project("{D954291E-2A0B-460D-934E-DC6B0785DB48}") = "Intech.PrevSystemWeb.Dados", "..\ps-web\Intech.PrevSystemWeb.Dados\Intech.PrevSystemWeb.Dados.shproj", "{A963501F-4DEF-44BB-A578-EE1D002C986E}"
EndProject
Project("{D954291E-2A0B-460D-934E-DC6B0785DB48}") = "Intech.PrevSystemWeb.Negocio", "..\ps-web\Intech.PrevSystemWeb.Negocio\Intech.PrevSystemWeb.Negocio.shproj", "{FF05A498-1C45-4D0A-B66F-C8419C3F9CF4}"
EndProject
Project("{D954291E-2A0B-460D-934E-DC6B0785DB48}") = "Intech.PrevSystemWeb.Api", "..\ps-web\Intech.PrevSystemWeb.Api\Intech.PrevSystemWeb.Api.shproj", "{22211466-841C-449F-92D8-C387B6938A8E}"
EndProject
Project("{9A19103F-16F7-4668-BE54-9A1E7A4F7556}") = "Intech.PrevSystemWeb.Entidades", "..\ps-web\Intech.PrevSystemWeb.Entidades\Intech.PrevSystemWeb.Entidades.csproj", "{081D540D-88FF-45C4-AF94-527A01B3EF69}"
EndProject
Project("{2150E333-8FDC-42A3-9474-1A3956D46DE8}") = "Lib", "Lib", "{558EE820-6B09-4D2A-BA61-278B8CAEC2E4}"
EndProject
Project("{9A19103F-16F7-4668-BE54-9A1E7A4F7556}") = "Intech.Lib.Dapper", "..\Intech.Lib\Intech.Lib.Dapper\Intech.Lib.Dapper.csproj", "{84589638-95A9-43BC-97D4-C45782D6CAFC}"
EndProject
Project("{9A19103F-16F7-4668-BE54-9A1E7A4F7556}") = "Intech.Lib.Dominios", "..\Intech.Lib\Intech.Lib.Dominios\Intech.Lib.Dominios.csproj", "{93F9487E-2540-4F17-BE14-60D44DCCF81B}"
EndProject
Project("{9A19103F-16F7-4668-BE54-9A1E7A4F7556}") = "Intech.Lib.Web", "..\Intech.Lib\Intech.Lib.Web\Intech.Lib.Web.csproj", "{B59B6972-3426-4B71-85D8-993AD3437C25}"
EndProject
Project("{9A19103F-16F7-4668-BE54-9A1E7A4F7556}") = "Intech.Lib.Email", "..\Intech.Lib\Intech.Lib.Email\Intech.Lib.Email.csproj", "{5EA96415-A45C-44B3-8638-E96D82BEDA8E}"
EndProject
Project("{9A19103F-16F7-4668-BE54-9A1E7A4F7556}") = "Intech.Lib.Util", "..\Intech.Lib\Intech.Lib.Util\Intech.Lib.Util.csproj", "{C905516B-B7E7-48C1-B944-0C58CD6F7882}"
EndProject
Project("{FAE04EC0-301F-11D3-BF4B-00C04F79EFBC}") = "Intech.PrevSystemWeb.Cageprev.Negocio", "Intech.PrevSystemWeb.Cageprev.Negocio\Intech.PrevSystemWeb.Cageprev.Negocio.csproj", "{3D257A25-2B97-4406-8A24-B2EC0E3BB2C1}"
EndProject
Global
	GlobalSection(SharedMSBuildProjectFiles) = preSolution
		..\ps-web\Intech.PrevSystemWeb.Api\Intech.PrevSystemWeb.Api.projitems*{22211466-841c-449f-92d8-c387b6938a8e}*SharedItemsImports = 13
		..\ps-web\Intech.PrevSystemWeb.Dados\Intech.PrevSystemWeb.Dados.projitems*{a963501f-4def-44bb-a578-ee1d002c986e}*SharedItemsImports = 13
		..\ps-web\Intech.PrevSystemWeb.Negocio\Intech.PrevSystemWeb.Negocio.projitems*{ff05a498-1c45-4d0a-b66f-c8419c3f9cf4}*SharedItemsImports = 13
	EndGlobalSection
	GlobalSection(SolutionConfigurationPlatforms) = preSolution
		Debug|Any CPU = Debug|Any CPU
		Release|Any CPU = Release|Any CPU
	EndGlobalSection
	GlobalSection(ProjectConfigurationPlatforms) = postSolution
		{1A50BDAD-090A-40B3-943E-229E673D6963}.Debug|Any CPU.ActiveCfg = Debug|Any CPU
		{1A50BDAD-090A-40B3-943E-229E673D6963}.Debug|Any CPU.Build.0 = Debug|Any CPU
		{1A50BDAD-090A-40B3-943E-229E673D6963}.Release|Any CPU.ActiveCfg = Release|Any CPU
		{1A50BDAD-090A-40B3-943E-229E673D6963}.Release|Any CPU.Build.0 = Release|Any CPU
		{081D540D-88FF-45C4-AF94-527A01B3EF69}.Debug|Any CPU.ActiveCfg = Debug|Any CPU
		{081D540D-88FF-45C4-AF94-527A01B3EF69}.Debug|Any CPU.Build.0 = Debug|Any CPU
		{081D540D-88FF-45C4-AF94-527A01B3EF69}.Release|Any CPU.ActiveCfg = Release|Any CPU
		{081D540D-88FF-45C4-AF94-527A01B3EF69}.Release|Any CPU.Build.0 = Release|Any CPU
		{84589638-95A9-43BC-97D4-C45782D6CAFC}.Debug|Any CPU.ActiveCfg = Debug|Any CPU
		{84589638-95A9-43BC-97D4-C45782D6CAFC}.Debug|Any CPU.Build.0 = Debug|Any CPU
		{84589638-95A9-43BC-97D4-C45782D6CAFC}.Release|Any CPU.ActiveCfg = Release|Any CPU
		{84589638-95A9-43BC-97D4-C45782D6CAFC}.Release|Any CPU.Build.0 = Release|Any CPU
		{93F9487E-2540-4F17-BE14-60D44DCCF81B}.Debug|Any CPU.ActiveCfg = Debug|Any CPU
		{93F9487E-2540-4F17-BE14-60D44DCCF81B}.Debug|Any CPU.Build.0 = Debug|Any CPU
		{93F9487E-2540-4F17-BE14-60D44DCCF81B}.Release|Any CPU.ActiveCfg = Release|Any CPU
		{93F9487E-2540-4F17-BE14-60D44DCCF81B}.Release|Any CPU.Build.0 = Release|Any CPU
		{B59B6972-3426-4B71-85D8-993AD3437C25}.Debug|Any CPU.ActiveCfg = Debug|Any CPU
		{B59B6972-3426-4B71-85D8-993AD3437C25}.Debug|Any CPU.Build.0 = Debug|Any CPU
		{B59B6972-3426-4B71-85D8-993AD3437C25}.Release|Any CPU.ActiveCfg = Release|Any CPU
		{B59B6972-3426-4B71-85D8-993AD3437C25}.Release|Any CPU.Build.0 = Release|Any CPU
		{5EA96415-A45C-44B3-8638-E96D82BEDA8E}.Debug|Any CPU.ActiveCfg = Debug|Any CPU
		{5EA96415-A45C-44B3-8638-E96D82BEDA8E}.Debug|Any CPU.Build.0 = Debug|Any CPU
		{5EA96415-A45C-44B3-8638-E96D82BEDA8E}.Release|Any CPU.ActiveCfg = Release|Any CPU
		{5EA96415-A45C-44B3-8638-E96D82BEDA8E}.Release|Any CPU.Build.0 = Release|Any CPU
		{C905516B-B7E7-48C1-B944-0C58CD6F7882}.Debug|Any CPU.ActiveCfg = Debug|Any CPU
		{C905516B-B7E7-48C1-B944-0C58CD6F7882}.Debug|Any CPU.Build.0 = Debug|Any CPU
		{C905516B-B7E7-48C1-B944-0C58CD6F7882}.Release|Any CPU.ActiveCfg = Release|Any CPU
		{C905516B-B7E7-48C1-B944-0C58CD6F7882}.Release|Any CPU.Build.0 = Release|Any CPU
		{3D257A25-2B97-4406-8A24-B2EC0E3BB2C1}.Debug|Any CPU.ActiveCfg = Debug|Any CPU
		{3D257A25-2B97-4406-8A24-B2EC0E3BB2C1}.Debug|Any CPU.Build.0 = Debug|Any CPU
		{3D257A25-2B97-4406-8A24-B2EC0E3BB2C1}.Release|Any CPU.ActiveCfg = Release|Any CPU
		{3D257A25-2B97-4406-8A24-B2EC0E3BB2C1}.Release|Any CPU.Build.0 = Release|Any CPU
	EndGlobalSection
	GlobalSection(SolutionProperties) = preSolution
		HideSolutionNode = FALSE
	EndGlobalSection
	GlobalSection(NestedProjects) = preSolution
		{A963501F-4DEF-44BB-A578-EE1D002C986E} = {63818DC8-CD9D-4F1C-AB9A-62C7DB4F9BC9}
		{FF05A498-1C45-4D0A-B66F-C8419C3F9CF4} = {63818DC8-CD9D-4F1C-AB9A-62C7DB4F9BC9}
		{22211466-841C-449F-92D8-C387B6938A8E} = {63818DC8-CD9D-4F1C-AB9A-62C7DB4F9BC9}
		{081D540D-88FF-45C4-AF94-527A01B3EF69} = {63818DC8-CD9D-4F1C-AB9A-62C7DB4F9BC9}
		{84589638-95A9-43BC-97D4-C45782D6CAFC} = {558EE820-6B09-4D2A-BA61-278B8CAEC2E4}
		{93F9487E-2540-4F17-BE14-60D44DCCF81B} = {558EE820-6B09-4D2A-BA61-278B8CAEC2E4}
		{B59B6972-3426-4B71-85D8-993AD3437C25} = {558EE820-6B09-4D2A-BA61-278B8CAEC2E4}
		{5EA96415-A45C-44B3-8638-E96D82BEDA8E} = {558EE820-6B09-4D2A-BA61-278B8CAEC2E4}
		{C905516B-B7E7-48C1-B944-0C58CD6F7882} = {558EE820-6B09-4D2A-BA61-278B8CAEC2E4}
	EndGlobalSection
	GlobalSection(ExtensibilityGlobals) = postSolution
		SolutionGuid = {9C9550A7-3EF3-474E-99A4-C504A1450AAB}
	EndGlobalSection
EndGlobal
